
Microsoft Visual Studio Solution File, Format Version 12.00
# Visual Studio 15
VisualStudioVersion = 15.0.28010.2003
MinimumVisualStudioVersion = 10.0.40219.1
Project("{FAE04EC0-301F-11D3-BF4B-00C04F79EFBC}") = "ConsoleApp2", "ConsoleApp2\ConsoleApp2.csproj", "{2E5E463F-4C95-4915-A391-EDC90D624F3E}"
EndProject
Project("{9A19103F-16F7-4668-BE54-9A1E7A4F7556}") = "DynamicsGPAPI", "DynamicsGPAPI\DynamicsGPAPI.csproj", "{FB0EFE6D-F350-41D3-94F7-51CD1358E0AE}"
EndProject
Project("{9A19103F-16F7-4668-BE54-9A1E7A4F7556}") = "XUnitDynamicsAPITest", "XUnitDynamicsAPITest\XUnitDynamicsAPITest.csproj", "{DAD3EF84-F248-4A07-BF17-CB56E7C951C8}"
EndProject
Global
	GlobalSection(SolutionConfigurationPlatforms) = preSolution
		Debug|Any CPU = Debug|Any CPU
		Release|Any CPU = Release|Any CPU
	EndGlobalSection
	GlobalSection(ProjectConfigurationPlatforms) = postSolution
		{2E5E463F-4C95-4915-A391-EDC90D624F3E}.Debug|Any CPU.ActiveCfg = Debug|Any CPU
		{2E5E463F-4C95-4915-A391-EDC90D624F3E}.Debug|Any CPU.Build.0 = Debug|Any CPU
		{2E5E463F-4C95-4915-A391-EDC90D624F3E}.Release|Any CPU.ActiveCfg = Release|Any CPU
		{2E5E463F-4C95-4915-A391-EDC90D624F3E}.Release|Any CPU.Build.0 = Release|Any CPU
		{FB0EFE6D-F350-41D3-94F7-51CD1358E0AE}.Debug|Any CPU.ActiveCfg = Debug|Any CPU
		{FB0EFE6D-F350-41D3-94F7-51CD1358E0AE}.Debug|Any CPU.Build.0 = Debug|Any CPU
		{FB0EFE6D-F350-41D3-94F7-51CD1358E0AE}.Release|Any CPU.ActiveCfg = Release|Any CPU
		{FB0EFE6D-F350-41D3-94F7-51CD1358E0AE}.Release|Any CPU.Build.0 = Release|Any CPU
		{DAD3EF84-F248-4A07-BF17-CB56E7C951C8}.Debug|Any CPU.ActiveCfg = Debug|Any CPU
		{DAD3EF84-F248-4A07-BF17-CB56E7C951C8}.Debug|Any CPU.Build.0 = Debug|Any CPU
		{DAD3EF84-F248-4A07-BF17-CB56E7C951C8}.Release|Any CPU.ActiveCfg = Release|Any CPU
		{DAD3EF84-F248-4A07-BF17-CB56E7C951C8}.Release|Any CPU.Build.0 = Release|Any CPU
	EndGlobalSection
	GlobalSection(SolutionProperties) = preSolution
		HideSolutionNode = FALSE
	EndGlobalSection
	GlobalSection(ExtensibilityGlobals) = postSolution
		SolutionGuid = {E4885978-A966-4E1A-A828-C50ACA5B2BDE}
	EndGlobalSection
EndGlobal
