
Microsoft Visual Studio Solution File, Format Version 12.00
# Visual Studio 15
VisualStudioVersion = 15.0.28010.2003
MinimumVisualStudioVersion = 10.0.40219.1
Project("{9A19103F-16F7-4668-BE54-9A1E7A4F7556}") = "DynamicsGPAPI", "DynamicsGPAPI.csproj", "{2CE60919-5DCB-4E58-9A68-FC2C5E82F30F}"
EndProject
Global
	GlobalSection(SolutionConfigurationPlatforms) = preSolution
		Debug|Any CPU = Debug|Any CPU
		Release|Any CPU = Release|Any CPU
	EndGlobalSection
	GlobalSection(ProjectConfigurationPlatforms) = postSolution
		{2CE60919-5DCB-4E58-9A68-FC2C5E82F30F}.Debug|Any CPU.ActiveCfg = Debug|Any CPU
		{2CE60919-5DCB-4E58-9A68-FC2C5E82F30F}.Debug|Any CPU.Build.0 = Debug|Any CPU
		{2CE60919-5DCB-4E58-9A68-FC2C5E82F30F}.Release|Any CPU.ActiveCfg = Release|Any CPU
		{2CE60919-5DCB-4E58-9A68-FC2C5E82F30F}.Release|Any CPU.Build.0 = Release|Any CPU
	EndGlobalSection
	GlobalSection(SolutionProperties) = preSolution
		HideSolutionNode = FALSE
	EndGlobalSection
	GlobalSection(ExtensibilityGlobals) = postSolution
		SolutionGuid = {0467B5E8-336F-498C-99F7-13C1D6D00A7D}
	EndGlobalSection
EndGlobal
